{
  "lockfile-version": 1,
  "manifest": {
    "schema-version": "1.11.0",
    "install": {
      "coreutils": {
        "pkg-path": "coreutils",
        "outputs": "all"
      },
      "gum": {
        "pkg-path": "gum"
      },
      "nodejs": {
        "pkg-path": "nodejs"
      },
      "typescript-language-server": {
        "pkg-path": "typescript-language-server"
      }
    },
    "hook": {
      "on-activate": "\nexport FLOX_JAVASCRIPT_NODE_CACHE_DIR=\"$FLOX_ENV_CACHE/javascript-node\"\nmkdir -p \"$FLOX_JAVASCRIPT_NODE_CACHE_DIR\"\n\nexport FLOX_JAVASCRIPT_NODE_PACKAGES_HASH_FILE=\"$FLOX_JAVASCRIPT_NODE_CACHE_DIR/packages-hash\"\n\n\nfunction with_spinner() {\n  if [[ \"$FLOX_ENVS_TESTING\" == \"1\" ]]; then\n    bash -c \"$1\"\n  else\n    gum spin \\\n      --show-error \\\n      --spinner line \\\n      --spinner.foreground=\"#cccccc\" \\\n      --title \">>> $2 ...\" \\\n      --title.foreground=\"#cccccc\" \\\n        -- bash -c \"$1\"\n  fi\n}\n\nfunction install_packages() { \n  npm ci\n}\nexport -f install_packages\n\n\n\nif [ -f \"package.json\" ] && [ -f \"package-lock.json\" ]; then\n  export FLOX_JAVASCRIPT_NODE_PACKAGES_HASH=\"false\"\n  if [ -f \"$FLOX_JAVASCRIPT_NODE_PACKAGES_HASH_FILE\" ] ; then\n    export FLOX_JAVASCRIPT_NODE_PACKAGES_HASH=$(cat package.json package-lock.json | sha256sum | cut -d\" \" -f 1)\n  fi\n  if [ \"$FLOX_JAVASCRIPT_NODE_PACKAGES_HASH\" != \"$(cat $FLOX_JAVASCRIPT_NODE_PACKAGES_HASH_FILE 2>/dev/null)\" ]; then\n    with_spinner install_packages \"Installing Javascript packages (with NPM)\"\n    echo -e \"{{ Foreground \\\"#ffffff\\\" \\\"✅ Javascript packages installed (with NPM).\\\" }}\\n\" \\\n      | gum format -t template\n    echo \"$FLOX_JAVASCRIPT_NODE_PACKAGES_HASH\" > \"$FLOX_JAVASCRIPT_NODE_PACKAGES_HASH_FILE\"\n  fi\nfi\n\nexport PATH=\"$PWD/node_modules/.bin:$PATH\"\n"
    },
    "options": {
      "systems": [
        "aarch64-darwin",
        "aarch64-linux",
        "x86_64-darwin",
        "x86_64-linux"
      ]
    }
  },
  "packages": [
    {
      "attr_path": "coreutils",
      "broken": false,
      "derivation": "/nix/store/4l5v7bf1dfqh88kh919i9awqj15k06dv-coreutils-9.10.drv",
      "description": "GNU Core Utilities",
      "install_id": "coreutils",
      "license": "GPL-3.0-or-later",
      "locked_url": "https://github.com/flox/nixpkgs?rev=d233902339c02a9c334e7e593de68855ad26c4cb",
      "name": "coreutils-9.10",
      "pname": "coreutils",
      "rev": "d233902339c02a9c334e7e593de68855ad26c4cb",
      "rev_count": 998534,
      "rev_date": "2026-05-15T18:21:44Z",
      "scrape_date": "2026-05-17T07:05:50.972485Z",
      "stabilities": [
        "unstable"
      ],
      "unfree": false,
      "version": "9.10",
      "outputs_to_install": [
        "out",
        "out"
      ],
      "outputs": {
        "info": "/nix/store/g31k47nqwv2v7m236i5f16zv7v5xgwz9-coreutils-9.10-info",
        "out": "/nix/store/nixxlz2dfdwmy6r8da5sas4nrnj7sq3z-coreutils-9.10"
      },
      "system": "aarch64-darwin",
      "group": "toplevel",
      "priority": 5
    },
    {
      "attr_path": "coreutils",
      "broken": false,
      "derivation": "/nix/store/l6zh0i18v2zxcxksi1jrqr8r3pav5k4d-coreutils-9.10.drv",
      "description": "GNU Core Utilities",
      "install_id": "coreutils",
      "license": "GPL-3.0-or-later",
      "locked_url": "https://github.com/flox/nixpkgs?rev=d233902339c02a9c334e7e593de68855ad26c4cb",
      "name": "coreutils-9.10",
      "pname": "coreutils",
      "rev": "d233902339c02a9c334e7e593de68855ad26c4cb",
      "rev_count": 998534,
      "rev_date": "2026-05-15T18:21:44Z",
      "scrape_date": "2026-05-17T07:33:29.398613Z",
      "stabilities": [
        "unstable"
      ],
      "unfree": false,
      "version": "9.10",
      "outputs_to_install": [
        "out",
        "out",
        "out"
      ],
      "outputs": {
        "debug": "/nix/store/20b5irws8z0cllddnwsbb844pms1akzs-coreutils-9.10-debug",
        "info": "/nix/store/cyq8sccm08p8a7kiwclnf4dk3mkp0h54-coreutils-9.10-info",
        "out": "/nix/store/xs45f7342j015kywha1dc0asbvvw1xfw-coreutils-9.10"
      },
      "system": "aarch64-linux",
      "group": "toplevel",
      "priority": 5
    },
    {
      "attr_path": "coreutils",
      "broken": false,
      "derivation": "/nix/store/cir6b8gqhqp7dkhq6bzmcrxvq6ln7ick-coreutils-9.10.drv",
      "description": "GNU Core Utilities",
      "install_id": "coreutils",
      "license": "GPL-3.0-or-later",
      "locked_url": "https://github.com/flox/nixpkgs?rev=d233902339c02a9c334e7e593de68855ad26c4cb",
      "name": "coreutils-9.10",
      "pname": "coreutils",
      "rev": "d233902339c02a9c334e7e593de68855ad26c4cb",
      "rev_count": 998534,
      "rev_date": "2026-05-15T18:21:44Z",
      "scrape_date": "2026-05-17T08:01:17.491149Z",
      "stabilities": [
        "unstable"
      ],
      "unfree": false,
      "version": "9.10",
      "outputs_to_install": [
        "out",
        "out"
      ],
      "outputs": {
        "info": "/nix/store/2x1zm1h7hxqkkd07xl5430xh66dgvncg-coreutils-9.10-info",
        "out": "/nix/store/imxdgy6dqqmhb3mzzxg14zkfxx9vc1w0-coreutils-9.10"
      },
      "system": "x86_64-darwin",
      "group": "toplevel",
      "priority": 5
    },
    {
      "attr_path": "coreutils",
      "broken": false,
      "derivation": "/nix/store/ghb92hhhki9xqgj455zcnk9zasxihp2x-coreutils-9.10.drv",
      "description": "GNU Core Utilities",
      "install_id": "coreutils",
      "license": "GPL-3.0-or-later",
      "locked_url": "https://github.com/flox/nixpkgs?rev=d233902339c02a9c334e7e593de68855ad26c4cb",
      "name": "coreutils-9.10",
      "pname": "coreutils",
      "rev": "d233902339c02a9c334e7e593de68855ad26c4cb",
      "rev_count": 998534,
      "rev_date": "2026-05-15T18:21:44Z",
      "scrape_date": "2026-05-17T08:32:09.632097Z",
      "stabilities": [
        "unstable"
      ],
      "unfree": false,
      "version": "9.10",
      "outputs_to_install": [
        "out",
        "out",
        "out",
        "out",
        "out"
      ],
      "outputs": {
        "debug": "/nix/store/qxz76anix4lizckx1f438sii1m8xgyh2-coreutils-9.10-debug",
        "info": "/nix/store/klz3g7klbxdv03dk7vnp1j8g4188xz95-coreutils-9.10-info",
        "out": "/nix/store/jjxngswsb214vb58qx485jhmilf0kxxy-coreutils-9.10"
      },
      "system": "x86_64-linux",
      "group": "toplevel",
      "priority": 5
    },
    {
      "attr_path": "gum",
      "broken": false,
      "derivation": "/nix/store/3if65h5mjjgjwgvd18srmm35cn3w6xs8-gum-0.17.0.drv",
      "description": "Tasty Bubble Gum for your shell",
      "install_id": "gum",
      "license": "MIT",
      "locked_url": "https://github.com/flox/nixpkgs?rev=d233902339c02a9c334e7e593de68855ad26c4cb",
      "name": "gum-0.17.0",
      "pname": "gum",
      "rev": "d233902339c02a9c334e7e593de68855ad26c4cb",
      "rev_count": 998534,
      "rev_date": "2026-05-15T18:21:44Z",
      "scrape_date": "2026-05-17T07:05:52.142375Z",
      "stabilities": [
        "unstable"
      ],
      "unfree": false,
      "version": "0.17.0",
      "outputs_to_install": [
        "out",
        "out"
      ],
      "outputs": {
        "out": "/nix/store/ba53aq5kpjm2qb817qgxswy2hvnkxnyj-gum-0.17.0"
      },
      "system": "aarch64-darwin",
      "group": "toplevel",
      "priority": 5
    },
    {
      "attr_path": "gum",
      "broken": false,
      "derivation": "/nix/store/ka558hvp8n0vhw8lzwsw66zw3g3lavzd-gum-0.17.0.drv",
      "description": "Tasty Bubble Gum for your shell",
      "install_id": "gum",
      "license": "MIT",
      "locked_url": "https://github.com/flox/nixpkgs?rev=d233902339c02a9c334e7e593de68855ad26c4cb",
      "name": "gum-0.17.0",
      "pname": "gum",
      "rev": "d233902339c02a9c334e7e593de68855ad26c4cb",
      "rev_count": 998534,
      "rev_date": "2026-05-15T18:21:44Z",
      "scrape_date": "2026-05-17T07:33:31.643735Z",
      "stabilities": [
        "unstable"
      ],
      "unfree": false,
      "version": "0.17.0",
      "outputs_to_install": [
        "out"
      ],
      "outputs": {
        "out": "/nix/store/3hlyv3x7jjn5364f08jw0bic3zddqhxc-gum-0.17.0"
      },
      "system": "aarch64-linux",
      "group": "toplevel",
      "priority": 5
    },
    {
      "attr_path": "gum",
      "broken": false,
      "derivation": "/nix/store/z2rm91h36jx1ym7gpl3avxqqxc407pn2-gum-0.17.0.drv",
      "description": "Tasty Bubble Gum for your shell",
      "install_id": "gum",
      "license": "MIT",
      "locked_url": "https://github.com/flox/nixpkgs?rev=d233902339c02a9c334e7e593de68855ad26c4cb",
      "name": "gum-0.17.0",
      "pname": "gum",
      "rev": "d233902339c02a9c334e7e593de68855ad26c4cb",
      "rev_count": 998534,
      "rev_date": "2026-05-15T18:21:44Z",
      "scrape_date": "2026-05-17T08:01:18.656478Z",
      "stabilities": [
        "unstable"
      ],
      "unfree": false,
      "version": "0.17.0",
      "outputs_to_install": [
        "out"
      ],
      "outputs": {
        "out": "/nix/store/qkwxvmldb9a8nmqq6aqqd47gj3pxwx42-gum-0.17.0"
      },
      "system": "x86_64-darwin",
      "group": "toplevel",
      "priority": 5
    },
    {
      "attr_path": "gum",
      "broken": false,
      "derivation": "/nix/store/835d9xq5q9w2hv6dzlsc3yjbh44kmpjn-gum-0.17.0.drv",
      "description": "Tasty Bubble Gum for your shell",
      "install_id": "gum",
      "license": "MIT",
      "locked_url": "https://github.com/flox/nixpkgs?rev=d233902339c02a9c334e7e593de68855ad26c4cb",
      "name": "gum-0.17.0",
      "pname": "gum",
      "rev": "d233902339c02a9c334e7e593de68855ad26c4cb",
      "rev_count": 998534,
      "rev_date": "2026-05-15T18:21:44Z",
      "scrape_date": "2026-05-17T08:32:12.167065Z",
      "stabilities": [
        "unstable"
      ],
      "unfree": false,
      "version": "0.17.0",
      "outputs_to_install": [
        "out"
      ],
      "outputs": {
        "out": "/nix/store/c149nbx8xh8knvply95623gnwqds19xr-gum-0.17.0"
      },
      "system": "x86_64-linux",
      "group": "toplevel",
      "priority": 5
    },
    {
      "attr_path": "nodejs",
      "broken": false,
      "derivation": "/nix/store/1m7745r13n7wk43fzx5yr3jjr3vdc1db-nodejs-24.14.1.drv",
      "description": "Event-driven I/O framework for the V8 JavaScript engine",
      "install_id": "nodejs",
      "license": "MIT",
      "locked_url": "https://github.com/flox/nixpkgs?rev=d233902339c02a9c334e7e593de68855ad26c4cb",
      "name": "nodejs-24.14.1",
      "pname": "nodejs",
      "rev": "d233902339c02a9c334e7e593de68855ad26c4cb",
      "rev_count": 998534,
      "rev_date": "2026-05-15T18:21:44Z",
      "scrape_date": "2026-05-17T07:06:15.323831Z",
      "stabilities": [
        "unstable"
      ],
      "unfree": false,
      "version": "24.14.1",
      "outputs_to_install": [
        "out",
        "out"
      ],
      "outputs": {
        "out": "/nix/store/sf85v1qd1glkmsyfxwn9p8wridb4qf6y-nodejs-24.14.1"
      },
      "system": "aarch64-darwin",
      "group": "toplevel",
      "priority": 5
    },
    {
      "attr_path": "nodejs",
      "broken": false,
      "derivation": "/nix/store/3h5ymdg61db3f9xwhwclj05afipbxiq2-nodejs-24.14.1.drv",
      "description": "Event-driven I/O framework for the V8 JavaScript engine",
      "install_id": "nodejs",
      "license": "MIT",
      "locked_url": "https://github.com/flox/nixpkgs?rev=d233902339c02a9c334e7e593de68855ad26c4cb",
      "name": "nodejs-24.14.1",
      "pname": "nodejs",
      "rev": "d233902339c02a9c334e7e593de68855ad26c4cb",
      "rev_count": 998534,
      "rev_date": "2026-05-15T18:21:44Z",
      "scrape_date": "2026-05-17T07:34:06.207991Z",
      "stabilities": [
        "unstable"
      ],
      "unfree": false,
      "version": "24.14.1",
      "outputs_to_install": [
        "out",
        "out"
      ],
      "outputs": {
        "out": "/nix/store/amh21igq2gjg6ai42f3ksan8fh89qvpm-nodejs-24.14.1"
      },
      "system": "aarch64-linux",
      "group": "toplevel",
      "priority": 5
    },
    {
      "attr_path": "nodejs",
      "broken": false,
      "derivation": "/nix/store/aarkp2y0aj12skgji58mbf5va0dcf9bd-nodejs-24.14.1.drv",
      "description": "Event-driven I/O framework for the V8 JavaScript engine",
      "install_id": "nodejs",
      "license": "MIT",
      "locked_url": "https://github.com/flox/nixpkgs?rev=d233902339c02a9c334e7e593de68855ad26c4cb",
      "name": "nodejs-24.14.1",
      "pname": "nodejs",
      "rev": "d233902339c02a9c334e7e593de68855ad26c4cb",
      "rev_count": 998534,
      "rev_date": "2026-05-15T18:21:44Z",
      "scrape_date": "2026-05-17T08:01:42.769829Z",
      "stabilities": [
        "unstable"
      ],
      "unfree": false,
      "version": "24.14.1",
      "outputs_to_install": [
        "out",
        "out"
      ],
      "outputs": {
        "out": "/nix/store/w9axwcpzxv1cd78d6v748az2j08k6vfw-nodejs-24.14.1"
      },
      "system": "x86_64-darwin",
      "group": "toplevel",
      "priority": 5
    },
    {
      "attr_path": "nodejs",
      "broken": false,
      "derivation": "/nix/store/8l6p07vmrcj7lsry0jz2ayp1rmpyjdai-nodejs-24.14.1.drv",
      "description": "Event-driven I/O framework for the V8 JavaScript engine",
      "install_id": "nodejs",
      "license": "MIT",
      "locked_url": "https://github.com/flox/nixpkgs?rev=d233902339c02a9c334e7e593de68855ad26c4cb",
      "name": "nodejs-24.14.1",
      "pname": "nodejs",
      "rev": "d233902339c02a9c334e7e593de68855ad26c4cb",
      "rev_count": 998534,
      "rev_date": "2026-05-15T18:21:44Z",
      "scrape_date": "2026-05-17T08:32:50.624798Z",
      "stabilities": [
        "unstable"
      ],
      "unfree": false,
      "version": "24.14.1",
      "outputs_to_install": [
        "out",
        "out"
      ],
      "outputs": {
        "out": "/nix/store/785jidgnryzj566s25s3rb262d4g5znb-nodejs-24.14.1"
      },
      "system": "x86_64-linux",
      "group": "toplevel",
      "priority": 5
    },
    {
      "attr_path": "typescript-language-server",
      "broken": false,
      "derivation": "/nix/store/mqhbw6q8fyd99fkx80h9ilcwvmbli3jg-typescript-language-server-5.2.0.drv",
      "description": "Language Server Protocol implementation for TypeScript using tsserver",
      "install_id": "typescript-language-server",
      "license": "[ Apache-2.0, MIT ]",
      "locked_url": "https://github.com/flox/nixpkgs?rev=d233902339c02a9c334e7e593de68855ad26c4cb",
      "name": "typescript-language-server-5.2.0",
      "pname": "typescript-language-server",
      "rev": "d233902339c02a9c334e7e593de68855ad26c4cb",
      "rev_count": 998534,
      "rev_date": "2026-05-15T18:21:44Z",
      "scrape_date": "2026-05-17T07:08:03.642870Z",
      "stabilities": [
        "unstable"
      ],
      "unfree": false,
      "version": "5.2.0",
      "outputs_to_install": [
        "out"
      ],
      "outputs": {
        "out": "/nix/store/6hmc8fiiz2jj2rlsxdcrn8ab3y1478j1-typescript-language-server-5.2.0"
      },
      "system": "aarch64-darwin",
      "group": "toplevel",
      "priority": 5
    },
    {
      "attr_path": "typescript-language-server",
      "broken": false,
      "derivation": "/nix/store/vv9xp4dkxa3jyblyrfy9psgdwkilbpdq-typescript-language-server-5.2.0.drv",
      "description": "Language Server Protocol implementation for TypeScript using tsserver",
      "install_id": "typescript-language-server",
      "license": "[ Apache-2.0, MIT ]",
      "locked_url": "https://github.com/flox/nixpkgs?rev=d233902339c02a9c334e7e593de68855ad26c4cb",
      "name": "typescript-language-server-5.2.0",
      "pname": "typescript-language-server",
      "rev": "d233902339c02a9c334e7e593de68855ad26c4cb",
      "rev_count": 998534,
      "rev_date": "2026-05-15T18:21:44Z",
      "scrape_date": "2026-05-17T07:36:26.985767Z",
      "stabilities": [
        "unstable"
      ],
      "unfree": false,
      "version": "5.2.0",
      "outputs_to_install": [
        "out"
      ],
      "outputs": {
        "out": "/nix/store/dfxcchs83z3vhbprl549by324n2wl3iv-typescript-language-server-5.2.0"
      },
      "system": "aarch64-linux",
      "group": "toplevel",
      "priority": 5
    },
    {
      "attr_path": "typescript-language-server",
      "broken": false,
      "derivation": "/nix/store/fha1irsxa1cc0fns5yphw8n09wcdj4j8-typescript-language-server-5.2.0.drv",
      "description": "Language Server Protocol implementation for TypeScript using tsserver",
      "install_id": "typescript-language-server",
      "license": "[ Apache-2.0, MIT ]",
      "locked_url": "https://github.com/flox/nixpkgs?rev=d233902339c02a9c334e7e593de68855ad26c4cb",
      "name": "typescript-language-server-5.2.0",
      "pname": "typescript-language-server",
      "rev": "d233902339c02a9c334e7e593de68855ad26c4cb",
      "rev_count": 998534,
      "rev_date": "2026-05-15T18:21:44Z",
      "scrape_date": "2026-05-17T08:03:38.599566Z",
      "stabilities": [
        "unstable"
      ],
      "unfree": false,
      "version": "5.2.0",
      "outputs_to_install": [
        "out"
      ],
      "outputs": {
        "out": "/nix/store/s2b8i1r1db9cakyzjcjkgwrpsamv8hsa-typescript-language-server-5.2.0"
      },
      "system": "x86_64-darwin",
      "group": "toplevel",
      "priority": 5
    },
    {
      "attr_path": "typescript-language-server",
      "broken": false,
      "derivation": "/nix/store/mcq61dxaza6g564dk224i1nsz39g6xkz-typescript-language-server-5.2.0.drv",
      "description": "Language Server Protocol implementation for TypeScript using tsserver",
      "install_id": "typescript-language-server",
      "license": "[ Apache-2.0, MIT ]",
      "locked_url": "https://github.com/flox/nixpkgs?rev=d233902339c02a9c334e7e593de68855ad26c4cb",
      "name": "typescript-language-server-5.2.0",
      "pname": "typescript-language-server",
      "rev": "d233902339c02a9c334e7e593de68855ad26c4cb",
      "rev_count": 998534,
      "rev_date": "2026-05-15T18:21:44Z",
      "scrape_date": "2026-05-17T08:35:22.676466Z",
      "stabilities": [
        "unstable"
      ],
      "unfree": false,
      "version": "5.2.0",
      "outputs_to_install": [
        "out"
      ],
      "outputs": {
        "out": "/nix/store/vc8hsl8xy2176gmxr09fg8266qk96m75-typescript-language-server-5.2.0"
      },
      "system": "x86_64-linux",
      "group": "toplevel",
      "priority": 5
    }
  ]
}
