{
  "lockfile-version": 1,
  "manifest": {
    "version": 1,
    "install": {
      "coreutils": {
        "pkg-path": "coreutils"
      },
      "gum": {
        "pkg-path": "gum"
      },
      "nodejs": {
        "pkg-path": "nodejs"
      },
      "typescript-language-server": {
        "pkg-path": "typescript-language-server"
      }
    },
    "hook": {
      "on-activate": "\nexport FLOX_JAVASCRIPT_NODE_CACHE_DIR=\"$FLOX_ENV_CACHE/javascript-node\"\nmkdir -p \"$FLOX_JAVASCRIPT_NODE_CACHE_DIR\"\n\nexport FLOX_JAVASCRIPT_NODE_PACKAGES_HASH_FILE=\"$FLOX_JAVASCRIPT_NODE_CACHE_DIR/packages-hash\"\n\n\nfunction with_spinner() {\n  if [[ \"$FLOX_ENVS_TESTING\" == \"1\" ]]; then\n    bash -c \"$1\"\n  else\n    gum spin \\\n      --show-error \\\n      --spinner line \\\n      --spinner.foreground=\"#cccccc\" \\\n      --title \">>> $2 ...\" \\\n      --title.foreground=\"#cccccc\" \\\n        -- bash -c \"$1\"\n  fi\n}\n\nfunction install_packages() { \n  npm ci\n}\nexport -f install_packages\n\n\n\nif [ -f \"package.json\" ] && [ -f \"package-lock.json\" ]; then\n  export FLOX_JAVASCRIPT_NODE_PACKAGES_HASH=\"false\"\n  if [ -f \"$FLOX_JAVASCRIPT_NODE_PACKAGES_HASH_FILE\" ] ; then\n    export FLOX_JAVASCRIPT_NODE_PACKAGES_HASH=$(cat package.json package-lock.json | sha256sum | cut -d\" \" -f 1)\n  fi\n  if [ \"$FLOX_JAVASCRIPT_NODE_PACKAGES_HASH\" != \"$(cat $FLOX_JAVASCRIPT_NODE_PACKAGES_HASH_FILE 2>/dev/null)\" ]; then\n    with_spinner install_packages \"Installing Javascript packages (with NPM)\"\n    echo -e \"{{ Foreground \\\"#ffffff\\\" \\\"✅ Javascript packages installed (with NPM).\\\" }}\\n\" \\\n      | gum format -t template\n    echo \"$FLOX_JAVASCRIPT_NODE_PACKAGES_HASH\" > \"$FLOX_JAVASCRIPT_NODE_PACKAGES_HASH_FILE\"\n  fi\nfi\n\nexport PATH=\"$PWD/node_modules/.bin:$PATH\"\n"
    },
    "profile": {},
    "options": {
      "systems": [
        "aarch64-darwin",
        "aarch64-linux",
        "x86_64-darwin",
        "x86_64-linux"
      ],
      "allow": {
        "licenses": []
      },
      "semver": {}
    }
  },
  "packages": [
    {
      "attr_path": "coreutils",
      "broken": false,
      "derivation": "/nix/store/llsrcrh3a4nyqc16qiil45j5ndypcp2v-coreutils-9.5.drv",
      "description": "GNU Core Utilities",
      "install_id": "coreutils",
      "license": "GPL-3.0-or-later",
      "locked_url": "https://github.com/flox/nixpkgs?rev=5df43628fdf08d642be8ba5b3625a6c70731c19c",
      "name": "coreutils-9.5",
      "pname": "coreutils",
      "rev": "5df43628fdf08d642be8ba5b3625a6c70731c19c",
      "rev_count": 738982,
      "rev_date": "2025-01-16T21:27:11Z",
      "scrape_date": "2025-01-18T00:14:56Z",
      "stabilities": [
        "unstable"
      ],
      "unfree": false,
      "version": "9.5",
      "outputs_to_install": [
        "out"
      ],
      "outputs": {
        "info": "/nix/store/c263jjqg2mpap2fagjl34lziidkgph3i-coreutils-9.5-info",
        "out": "/nix/store/p9m0bsw49c5m6wnm3m4fs97yx5rxcmfj-coreutils-9.5"
      },
      "system": "aarch64-darwin",
      "group": "toplevel",
      "priority": 5
    },
    {
      "attr_path": "coreutils",
      "broken": false,
      "derivation": "/nix/store/18ysbs708pj8ps18fdjj81z7zn4c6fla-coreutils-9.5.drv",
      "description": "GNU Core Utilities",
      "install_id": "coreutils",
      "license": "GPL-3.0-or-later",
      "locked_url": "https://github.com/flox/nixpkgs?rev=5df43628fdf08d642be8ba5b3625a6c70731c19c",
      "name": "coreutils-9.5",
      "pname": "coreutils",
      "rev": "5df43628fdf08d642be8ba5b3625a6c70731c19c",
      "rev_count": 738982,
      "rev_date": "2025-01-16T21:27:11Z",
      "scrape_date": "2025-01-18T00:14:56Z",
      "stabilities": [
        "unstable"
      ],
      "unfree": false,
      "version": "9.5",
      "outputs_to_install": [
        "out"
      ],
      "outputs": {
        "debug": "/nix/store/r1x885lysldxid2575k87nld06pkbf4v-coreutils-9.5-debug",
        "info": "/nix/store/xqglm4755lgpjrdyxi5f52fljrcarvqc-coreutils-9.5-info",
        "out": "/nix/store/lhd4sbpf3l9jxmb8sl6881l924q151j0-coreutils-9.5"
      },
      "system": "aarch64-linux",
      "group": "toplevel",
      "priority": 5
    },
    {
      "attr_path": "coreutils",
      "broken": false,
      "derivation": "/nix/store/kbycv389y9ybys6xrgbqj82z039s9i20-coreutils-9.5.drv",
      "description": "GNU Core Utilities",
      "install_id": "coreutils",
      "license": "GPL-3.0-or-later",
      "locked_url": "https://github.com/flox/nixpkgs?rev=5df43628fdf08d642be8ba5b3625a6c70731c19c",
      "name": "coreutils-9.5",
      "pname": "coreutils",
      "rev": "5df43628fdf08d642be8ba5b3625a6c70731c19c",
      "rev_count": 738982,
      "rev_date": "2025-01-16T21:27:11Z",
      "scrape_date": "2025-01-18T00:14:56Z",
      "stabilities": [
        "unstable"
      ],
      "unfree": false,
      "version": "9.5",
      "outputs_to_install": [
        "out"
      ],
      "outputs": {
        "info": "/nix/store/aghncv047lvr0xhil8fwwxpk6bi5yalh-coreutils-9.5-info",
        "out": "/nix/store/ka9bhk1lwdqyv47kkw6ppqgx010xwghn-coreutils-9.5"
      },
      "system": "x86_64-darwin",
      "group": "toplevel",
      "priority": 5
    },
    {
      "attr_path": "coreutils",
      "broken": false,
      "derivation": "/nix/store/rzf4njjb1pfpc2csazccxjn9452d96mi-coreutils-9.5.drv",
      "description": "GNU Core Utilities",
      "install_id": "coreutils",
      "license": "GPL-3.0-or-later",
      "locked_url": "https://github.com/flox/nixpkgs?rev=5df43628fdf08d642be8ba5b3625a6c70731c19c",
      "name": "coreutils-9.5",
      "pname": "coreutils",
      "rev": "5df43628fdf08d642be8ba5b3625a6c70731c19c",
      "rev_count": 738982,
      "rev_date": "2025-01-16T21:27:11Z",
      "scrape_date": "2025-01-18T00:14:56Z",
      "stabilities": [
        "unstable"
      ],
      "unfree": false,
      "version": "9.5",
      "outputs_to_install": [
        "out"
      ],
      "outputs": {
        "debug": "/nix/store/zs8k0d5dx7nkvs6vmxmkr1jdz3px2fhi-coreutils-9.5-debug",
        "info": "/nix/store/hm7bqb710681rxgrq8b6l9zms50aj4k5-coreutils-9.5-info",
        "out": "/nix/store/4s9rah4cwaxflicsk5cndnknqlk9n4p3-coreutils-9.5"
      },
      "system": "x86_64-linux",
      "group": "toplevel",
      "priority": 5
    },
    {
      "attr_path": "gum",
      "broken": false,
      "derivation": "/nix/store/0lxr3l6jxkvc1ckrjs65bkmr6wkm12ib-gum-0.14.5.drv",
      "description": "Tasty Bubble Gum for your shell",
      "install_id": "gum",
      "license": "MIT",
      "locked_url": "https://github.com/flox/nixpkgs?rev=5df43628fdf08d642be8ba5b3625a6c70731c19c",
      "name": "gum-0.14.5",
      "pname": "gum",
      "rev": "5df43628fdf08d642be8ba5b3625a6c70731c19c",
      "rev_count": 738982,
      "rev_date": "2025-01-16T21:27:11Z",
      "scrape_date": "2025-01-18T00:14:56Z",
      "stabilities": [
        "unstable"
      ],
      "unfree": false,
      "version": "0.14.5",
      "outputs_to_install": [
        "out"
      ],
      "outputs": {
        "out": "/nix/store/p87f1zvabjckkam5f8p5n8s0p9dy2z8d-gum-0.14.5"
      },
      "system": "aarch64-darwin",
      "group": "toplevel",
      "priority": 5
    },
    {
      "attr_path": "gum",
      "broken": false,
      "derivation": "/nix/store/flfac2jgxzw1zx2xk81w322qyzzbsni3-gum-0.14.5.drv",
      "description": "Tasty Bubble Gum for your shell",
      "install_id": "gum",
      "license": "MIT",
      "locked_url": "https://github.com/flox/nixpkgs?rev=5df43628fdf08d642be8ba5b3625a6c70731c19c",
      "name": "gum-0.14.5",
      "pname": "gum",
      "rev": "5df43628fdf08d642be8ba5b3625a6c70731c19c",
      "rev_count": 738982,
      "rev_date": "2025-01-16T21:27:11Z",
      "scrape_date": "2025-01-18T00:14:56Z",
      "stabilities": [
        "unstable"
      ],
      "unfree": false,
      "version": "0.14.5",
      "outputs_to_install": [
        "out"
      ],
      "outputs": {
        "out": "/nix/store/i8ks7qinadmk77dmknnrpi4iczv8p8gj-gum-0.14.5"
      },
      "system": "aarch64-linux",
      "group": "toplevel",
      "priority": 5
    },
    {
      "attr_path": "gum",
      "broken": false,
      "derivation": "/nix/store/5jaz36kssi10wjrsasi7wxf3rj9854hm-gum-0.14.5.drv",
      "description": "Tasty Bubble Gum for your shell",
      "install_id": "gum",
      "license": "MIT",
      "locked_url": "https://github.com/flox/nixpkgs?rev=5df43628fdf08d642be8ba5b3625a6c70731c19c",
      "name": "gum-0.14.5",
      "pname": "gum",
      "rev": "5df43628fdf08d642be8ba5b3625a6c70731c19c",
      "rev_count": 738982,
      "rev_date": "2025-01-16T21:27:11Z",
      "scrape_date": "2025-01-18T00:14:56Z",
      "stabilities": [
        "unstable"
      ],
      "unfree": false,
      "version": "0.14.5",
      "outputs_to_install": [
        "out"
      ],
      "outputs": {
        "out": "/nix/store/1s4jc1kmqksngyhanl76iibb19b7sd2v-gum-0.14.5"
      },
      "system": "x86_64-darwin",
      "group": "toplevel",
      "priority": 5
    },
    {
      "attr_path": "gum",
      "broken": false,
      "derivation": "/nix/store/mjp6pldbmq5d6q0cl8brimzf0h3fdqpz-gum-0.14.5.drv",
      "description": "Tasty Bubble Gum for your shell",
      "install_id": "gum",
      "license": "MIT",
      "locked_url": "https://github.com/flox/nixpkgs?rev=5df43628fdf08d642be8ba5b3625a6c70731c19c",
      "name": "gum-0.14.5",
      "pname": "gum",
      "rev": "5df43628fdf08d642be8ba5b3625a6c70731c19c",
      "rev_count": 738982,
      "rev_date": "2025-01-16T21:27:11Z",
      "scrape_date": "2025-01-18T00:14:56Z",
      "stabilities": [
        "unstable"
      ],
      "unfree": false,
      "version": "0.14.5",
      "outputs_to_install": [
        "out"
      ],
      "outputs": {
        "out": "/nix/store/z96hiw9h45mph9qilm4hp4j4ncf19qbl-gum-0.14.5"
      },
      "system": "x86_64-linux",
      "group": "toplevel",
      "priority": 5
    },
    {
      "attr_path": "nodejs",
      "broken": false,
      "derivation": "/nix/store/0awxmh2gnklcbkn7y79znyj1jbwj97s4-nodejs-22.11.0.drv",
      "description": "Event-driven I/O framework for the V8 JavaScript engine",
      "install_id": "nodejs",
      "license": "MIT",
      "locked_url": "https://github.com/flox/nixpkgs?rev=5df43628fdf08d642be8ba5b3625a6c70731c19c",
      "name": "nodejs-22.11.0",
      "pname": "nodejs",
      "rev": "5df43628fdf08d642be8ba5b3625a6c70731c19c",
      "rev_count": 738982,
      "rev_date": "2025-01-16T21:27:11Z",
      "scrape_date": "2025-01-18T00:14:56Z",
      "stabilities": [
        "unstable"
      ],
      "unfree": false,
      "version": "22.11.0",
      "outputs_to_install": [
        "out"
      ],
      "outputs": {
        "libv8": "/nix/store/m3rxxwm6jp95kjmh4rklqn0d76biz6wm-nodejs-22.11.0-libv8",
        "out": "/nix/store/9vkabbbbyfn8hv5l1r8fm59d27imq460-nodejs-22.11.0"
      },
      "system": "aarch64-darwin",
      "group": "toplevel",
      "priority": 5
    },
    {
      "attr_path": "nodejs",
      "broken": false,
      "derivation": "/nix/store/j5x3l2jg2rbaadr226bds3v4hbxplh4d-nodejs-22.11.0.drv",
      "description": "Event-driven I/O framework for the V8 JavaScript engine",
      "install_id": "nodejs",
      "license": "MIT",
      "locked_url": "https://github.com/flox/nixpkgs?rev=5df43628fdf08d642be8ba5b3625a6c70731c19c",
      "name": "nodejs-22.11.0",
      "pname": "nodejs",
      "rev": "5df43628fdf08d642be8ba5b3625a6c70731c19c",
      "rev_count": 738982,
      "rev_date": "2025-01-16T21:27:11Z",
      "scrape_date": "2025-01-18T00:14:56Z",
      "stabilities": [
        "unstable"
      ],
      "unfree": false,
      "version": "22.11.0",
      "outputs_to_install": [
        "out"
      ],
      "outputs": {
        "libv8": "/nix/store/0xiwppqyszilzy9cg71c26fxg5qcxh89-nodejs-22.11.0-libv8",
        "out": "/nix/store/z2lznj5fq0wagkhj7nkgmb5yr4gyv0ws-nodejs-22.11.0"
      },
      "system": "aarch64-linux",
      "group": "toplevel",
      "priority": 5
    },
    {
      "attr_path": "nodejs",
      "broken": false,
      "derivation": "/nix/store/mzj668n7kjkcb85n62g1kfpjpmx4ad98-nodejs-22.11.0.drv",
      "description": "Event-driven I/O framework for the V8 JavaScript engine",
      "install_id": "nodejs",
      "license": "MIT",
      "locked_url": "https://github.com/flox/nixpkgs?rev=5df43628fdf08d642be8ba5b3625a6c70731c19c",
      "name": "nodejs-22.11.0",
      "pname": "nodejs",
      "rev": "5df43628fdf08d642be8ba5b3625a6c70731c19c",
      "rev_count": 738982,
      "rev_date": "2025-01-16T21:27:11Z",
      "scrape_date": "2025-01-18T00:14:56Z",
      "stabilities": [
        "unstable"
      ],
      "unfree": false,
      "version": "22.11.0",
      "outputs_to_install": [
        "out"
      ],
      "outputs": {
        "libv8": "/nix/store/mm87n14lp5akdjlfwh1yg4l93zm8gv9h-nodejs-22.11.0-libv8",
        "out": "/nix/store/s81s2z275wnjazk4ij3zvn6kslfa5ipf-nodejs-22.11.0"
      },
      "system": "x86_64-darwin",
      "group": "toplevel",
      "priority": 5
    },
    {
      "attr_path": "nodejs",
      "broken": false,
      "derivation": "/nix/store/dy56ll2a0b7gg40jl8fzv759yqcalnwh-nodejs-22.11.0.drv",
      "description": "Event-driven I/O framework for the V8 JavaScript engine",
      "install_id": "nodejs",
      "license": "MIT",
      "locked_url": "https://github.com/flox/nixpkgs?rev=5df43628fdf08d642be8ba5b3625a6c70731c19c",
      "name": "nodejs-22.11.0",
      "pname": "nodejs",
      "rev": "5df43628fdf08d642be8ba5b3625a6c70731c19c",
      "rev_count": 738982,
      "rev_date": "2025-01-16T21:27:11Z",
      "scrape_date": "2025-01-18T00:14:56Z",
      "stabilities": [
        "unstable"
      ],
      "unfree": false,
      "version": "22.11.0",
      "outputs_to_install": [
        "out"
      ],
      "outputs": {
        "libv8": "/nix/store/fyaac3q8qn3zfxy72airfabm3dakmgf5-nodejs-22.11.0-libv8",
        "out": "/nix/store/fkyp1bm5gll9adnfcj92snyym524mdrj-nodejs-22.11.0"
      },
      "system": "x86_64-linux",
      "group": "toplevel",
      "priority": 5
    },
    {
      "attr_path": "typescript-language-server",
      "broken": false,
      "derivation": "/nix/store/3x3jls61an33y1zz7qgwcqhxp0y56as0-typescript-language-server-4.3.3.drv",
      "description": "Language Server Protocol implementation for TypeScript using tsserver",
      "install_id": "typescript-language-server",
      "license": "[ Apache-2.0, MIT ]",
      "locked_url": "https://github.com/flox/nixpkgs?rev=5df43628fdf08d642be8ba5b3625a6c70731c19c",
      "name": "typescript-language-server-4.3.3",
      "pname": "typescript-language-server",
      "rev": "5df43628fdf08d642be8ba5b3625a6c70731c19c",
      "rev_count": 738982,
      "rev_date": "2025-01-16T21:27:11Z",
      "scrape_date": "2025-01-18T00:14:56Z",
      "stabilities": [
        "unstable"
      ],
      "unfree": false,
      "version": "4.3.3",
      "outputs_to_install": [
        "out"
      ],
      "outputs": {
        "out": "/nix/store/vw6kvsikmq85k0wjgx7iqpcq55g3k8x0-typescript-language-server-4.3.3"
      },
      "system": "aarch64-darwin",
      "group": "toplevel",
      "priority": 5
    },
    {
      "attr_path": "typescript-language-server",
      "broken": false,
      "derivation": "/nix/store/2bbv377jh5b0wrvpb2im11m8h47vg92g-typescript-language-server-4.3.3.drv",
      "description": "Language Server Protocol implementation for TypeScript using tsserver",
      "install_id": "typescript-language-server",
      "license": "[ Apache-2.0, MIT ]",
      "locked_url": "https://github.com/flox/nixpkgs?rev=5df43628fdf08d642be8ba5b3625a6c70731c19c",
      "name": "typescript-language-server-4.3.3",
      "pname": "typescript-language-server",
      "rev": "5df43628fdf08d642be8ba5b3625a6c70731c19c",
      "rev_count": 738982,
      "rev_date": "2025-01-16T21:27:11Z",
      "scrape_date": "2025-01-18T00:14:56Z",
      "stabilities": [
        "unstable"
      ],
      "unfree": false,
      "version": "4.3.3",
      "outputs_to_install": [
        "out"
      ],
      "outputs": {
        "out": "/nix/store/8ilxxnx9s200dv2d20mcnafpwhlm28id-typescript-language-server-4.3.3"
      },
      "system": "aarch64-linux",
      "group": "toplevel",
      "priority": 5
    },
    {
      "attr_path": "typescript-language-server",
      "broken": false,
      "derivation": "/nix/store/rs1b9hsaii78kxj5l4p0cqpnxqhrn7hk-typescript-language-server-4.3.3.drv",
      "description": "Language Server Protocol implementation for TypeScript using tsserver",
      "install_id": "typescript-language-server",
      "license": "[ Apache-2.0, MIT ]",
      "locked_url": "https://github.com/flox/nixpkgs?rev=5df43628fdf08d642be8ba5b3625a6c70731c19c",
      "name": "typescript-language-server-4.3.3",
      "pname": "typescript-language-server",
      "rev": "5df43628fdf08d642be8ba5b3625a6c70731c19c",
      "rev_count": 738982,
      "rev_date": "2025-01-16T21:27:11Z",
      "scrape_date": "2025-01-18T00:14:56Z",
      "stabilities": [
        "unstable"
      ],
      "unfree": false,
      "version": "4.3.3",
      "outputs_to_install": [
        "out"
      ],
      "outputs": {
        "out": "/nix/store/9pkbpm6nhv6wbzpzs5n7p89234bflgbp-typescript-language-server-4.3.3"
      },
      "system": "x86_64-darwin",
      "group": "toplevel",
      "priority": 5
    },
    {
      "attr_path": "typescript-language-server",
      "broken": false,
      "derivation": "/nix/store/0iqw3ilvvh54lwark37q4pfcnlvfcs08-typescript-language-server-4.3.3.drv",
      "description": "Language Server Protocol implementation for TypeScript using tsserver",
      "install_id": "typescript-language-server",
      "license": "[ Apache-2.0, MIT ]",
      "locked_url": "https://github.com/flox/nixpkgs?rev=5df43628fdf08d642be8ba5b3625a6c70731c19c",
      "name": "typescript-language-server-4.3.3",
      "pname": "typescript-language-server",
      "rev": "5df43628fdf08d642be8ba5b3625a6c70731c19c",
      "rev_count": 738982,
      "rev_date": "2025-01-16T21:27:11Z",
      "scrape_date": "2025-01-18T00:14:56Z",
      "stabilities": [
        "unstable"
      ],
      "unfree": false,
      "version": "4.3.3",
      "outputs_to_install": [
        "out"
      ],
      "outputs": {
        "out": "/nix/store/cg1wiza7qg7wcs0b524ssabvkgyfpay1-typescript-language-server-4.3.3"
      },
      "system": "x86_64-linux",
      "group": "toplevel",
      "priority": 5
    }
  ]
}