{
  "lockfile-version": 1,
  "manifest": {
    "version": 1,
    "install": {
      "coreutils": {
        "pkg-path": "coreutils"
      },
      "gum": {
        "pkg-path": "gum"
      },
      "nodejs": {
        "pkg-path": "nodejs"
      },
      "typescript-language-server": {
        "pkg-path": "typescript-language-server"
      }
    },
    "hook": {
      "on-activate": "\nexport FLOX_JAVASCRIPT_NODE_CACHE_DIR=\"$FLOX_ENV_CACHE/javascript-node\"\nmkdir -p \"$FLOX_JAVASCRIPT_NODE_CACHE_DIR\"\n\nexport FLOX_JAVASCRIPT_NODE_PACKAGES_HASH_FILE=\"$FLOX_JAVASCRIPT_NODE_CACHE_DIR/packages-hash\"\n\n\nfunction with_spinner() {\n  if [[ \"$FLOX_ENVS_TESTING\" == \"1\" ]]; then\n    bash -c \"$1\"\n  else\n    gum spin \\\n      --show-error \\\n      --spinner line \\\n      --spinner.foreground=\"#cccccc\" \\\n      --title \">>> $2 ...\" \\\n      --title.foreground=\"#cccccc\" \\\n        -- bash -c \"$1\"\n  fi\n}\n\nfunction install_packages() { \n  npm ci\n}\nexport -f install_packages\n\n\n\nif [ -f \"package.json\" ] && [ -f \"package-lock.json\" ]; then\n  export FLOX_JAVASCRIPT_NODE_PACKAGES_HASH=\"false\"\n  if [ -f \"$FLOX_JAVASCRIPT_NODE_PACKAGES_HASH_FILE\" ] ; then\n    export FLOX_JAVASCRIPT_NODE_PACKAGES_HASH=$(cat package.json package-lock.json | sha256sum | cut -d\" \" -f 1)\n  fi\n  if [ \"$FLOX_JAVASCRIPT_NODE_PACKAGES_HASH\" != \"$(cat $FLOX_JAVASCRIPT_NODE_PACKAGES_HASH_FILE 2>/dev/null)\" ]; then\n    with_spinner install_packages \"Installing Javascript packages (with NPM)\"\n    echo -e \"{{ Foreground \\\"#ffffff\\\" \\\"✅ Javascript packages installed (with NPM).\\\" }}\\n\" \\\n      | gum format -t template\n    echo \"$FLOX_JAVASCRIPT_NODE_PACKAGES_HASH\" > \"$FLOX_JAVASCRIPT_NODE_PACKAGES_HASH_FILE\"\n  fi\nfi\n\nexport PATH=\"$PWD/node_modules/.bin:$PATH\"\n"
    },
    "options": {
      "systems": [
        "aarch64-darwin",
        "aarch64-linux",
        "x86_64-darwin",
        "x86_64-linux"
      ]
    }
  },
  "packages": [
    {
      "attr_path": "coreutils",
      "broken": false,
      "derivation": "/nix/store/gakan7s3zz4f52ryq14q003013vm78di-coreutils-9.7.drv",
      "description": "GNU Core Utilities",
      "install_id": "coreutils",
      "license": "GPL-3.0-or-later",
      "locked_url": "https://github.com/flox/nixpkgs?rev=fbcf476f790d8a217c3eab4e12033dc4a0f6d23c",
      "name": "coreutils-9.7",
      "pname": "coreutils",
      "rev": "fbcf476f790d8a217c3eab4e12033dc4a0f6d23c",
      "rev_count": 844474,
      "rev_date": "2025-08-14T15:51:38Z",
      "scrape_date": "2025-08-16T01:27:09.721527Z",
      "stabilities": [
        "unstable"
      ],
      "unfree": false,
      "version": "9.7",
      "outputs_to_install": [
        "out"
      ],
      "outputs": {
        "info": "/nix/store/06yc80769mip8qs0v04vmw32qhiy1hiy-coreutils-9.7-info",
        "out": "/nix/store/7712hv9svx4cf3cc5g848aa073aak0a4-coreutils-9.7"
      },
      "system": "aarch64-darwin",
      "group": "toplevel",
      "priority": 5
    },
    {
      "attr_path": "coreutils",
      "broken": false,
      "derivation": "/nix/store/ynxqpqvpn3ajzcdbrddpljhdzz47lrx9-coreutils-9.7.drv",
      "description": "GNU Core Utilities",
      "install_id": "coreutils",
      "license": "GPL-3.0-or-later",
      "locked_url": "https://github.com/flox/nixpkgs?rev=fbcf476f790d8a217c3eab4e12033dc4a0f6d23c",
      "name": "coreutils-9.7",
      "pname": "coreutils",
      "rev": "fbcf476f790d8a217c3eab4e12033dc4a0f6d23c",
      "rev_count": 844474,
      "rev_date": "2025-08-14T15:51:38Z",
      "scrape_date": "2025-08-16T01:35:10.711207Z",
      "stabilities": [
        "unstable"
      ],
      "unfree": false,
      "version": "9.7",
      "outputs_to_install": [
        "out"
      ],
      "outputs": {
        "debug": "/nix/store/a465x241qnwmk8a7j8sryr3by1w43bry-coreutils-9.7-debug",
        "info": "/nix/store/j571l41q05v8bzigwj98y5w8qv6y3ib8-coreutils-9.7-info",
        "out": "/nix/store/8b7y59p9vzlkwbx52q42lzpf9gwkzih2-coreutils-9.7"
      },
      "system": "aarch64-linux",
      "group": "toplevel",
      "priority": 5
    },
    {
      "attr_path": "coreutils",
      "broken": false,
      "derivation": "/nix/store/34230vngwp25fwbq2hgyjmpa2cc3x5dc-coreutils-9.7.drv",
      "description": "GNU Core Utilities",
      "install_id": "coreutils",
      "license": "GPL-3.0-or-later",
      "locked_url": "https://github.com/flox/nixpkgs?rev=fbcf476f790d8a217c3eab4e12033dc4a0f6d23c",
      "name": "coreutils-9.7",
      "pname": "coreutils",
      "rev": "fbcf476f790d8a217c3eab4e12033dc4a0f6d23c",
      "rev_count": 844474,
      "rev_date": "2025-08-14T15:51:38Z",
      "scrape_date": "2025-08-16T01:43:49.624258Z",
      "stabilities": [
        "unstable"
      ],
      "unfree": false,
      "version": "9.7",
      "outputs_to_install": [
        "out"
      ],
      "outputs": {
        "info": "/nix/store/s5mamzn38dqib8vnsg6xkzjng6qhcrm5-coreutils-9.7-info",
        "out": "/nix/store/4kg0dzgzcwnm9cgn2adbgjavn50l9cyc-coreutils-9.7"
      },
      "system": "x86_64-darwin",
      "group": "toplevel",
      "priority": 5
    },
    {
      "attr_path": "coreutils",
      "broken": false,
      "derivation": "/nix/store/m1iqxjf7qjdwzhvwcsmqjzr88vbfnw4c-coreutils-9.7.drv",
      "description": "GNU Core Utilities",
      "install_id": "coreutils",
      "license": "GPL-3.0-or-later",
      "locked_url": "https://github.com/flox/nixpkgs?rev=fbcf476f790d8a217c3eab4e12033dc4a0f6d23c",
      "name": "coreutils-9.7",
      "pname": "coreutils",
      "rev": "fbcf476f790d8a217c3eab4e12033dc4a0f6d23c",
      "rev_count": 844474,
      "rev_date": "2025-08-14T15:51:38Z",
      "scrape_date": "2025-08-16T02:12:00.792703Z",
      "stabilities": [
        "unstable"
      ],
      "unfree": false,
      "version": "9.7",
      "outputs_to_install": [
        "out"
      ],
      "outputs": {
        "debug": "/nix/store/djp1j1sr6znqdyklb60irysmbkr6b51h-coreutils-9.7-debug",
        "info": "/nix/store/qq91hijdh4gmwrkpx4q9158sk469n12n-coreutils-9.7-info",
        "out": "/nix/store/ih779chzzag1nm91fgnrndml4mghm3la-coreutils-9.7"
      },
      "system": "x86_64-linux",
      "group": "toplevel",
      "priority": 5
    },
    {
      "attr_path": "gum",
      "broken": false,
      "derivation": "/nix/store/pg3cdd51qdyvz1y4f40sppnzi48w6kql-gum-0.16.2.drv",
      "description": "Tasty Bubble Gum for your shell",
      "install_id": "gum",
      "license": "MIT",
      "locked_url": "https://github.com/flox/nixpkgs?rev=fbcf476f790d8a217c3eab4e12033dc4a0f6d23c",
      "name": "gum-0.16.2",
      "pname": "gum",
      "rev": "fbcf476f790d8a217c3eab4e12033dc4a0f6d23c",
      "rev_count": 844474,
      "rev_date": "2025-08-14T15:51:38Z",
      "scrape_date": "2025-08-16T01:27:10.713085Z",
      "stabilities": [
        "unstable"
      ],
      "unfree": false,
      "version": "0.16.2",
      "outputs_to_install": [
        "out"
      ],
      "outputs": {
        "out": "/nix/store/s9w5fifwbcl92x3r55r9lbiwmlyrlfig-gum-0.16.2"
      },
      "system": "aarch64-darwin",
      "group": "toplevel",
      "priority": 5
    },
    {
      "attr_path": "gum",
      "broken": false,
      "derivation": "/nix/store/h7k81r0f4j065q10xnl4h3dib8vyw8qj-gum-0.16.2.drv",
      "description": "Tasty Bubble Gum for your shell",
      "install_id": "gum",
      "license": "MIT",
      "locked_url": "https://github.com/flox/nixpkgs?rev=fbcf476f790d8a217c3eab4e12033dc4a0f6d23c",
      "name": "gum-0.16.2",
      "pname": "gum",
      "rev": "fbcf476f790d8a217c3eab4e12033dc4a0f6d23c",
      "rev_count": 844474,
      "rev_date": "2025-08-14T15:51:38Z",
      "scrape_date": "2025-08-16T01:35:12.650913Z",
      "stabilities": [
        "unstable"
      ],
      "unfree": false,
      "version": "0.16.2",
      "outputs_to_install": [
        "out"
      ],
      "outputs": {
        "out": "/nix/store/7z4r5akxz40nfji1jz4bdk99k1biwdkc-gum-0.16.2"
      },
      "system": "aarch64-linux",
      "group": "toplevel",
      "priority": 5
    },
    {
      "attr_path": "gum",
      "broken": false,
      "derivation": "/nix/store/yv03ry4f80wp5cgxdb1d13l67n89lrv0-gum-0.16.2.drv",
      "description": "Tasty Bubble Gum for your shell",
      "install_id": "gum",
      "license": "MIT",
      "locked_url": "https://github.com/flox/nixpkgs?rev=fbcf476f790d8a217c3eab4e12033dc4a0f6d23c",
      "name": "gum-0.16.2",
      "pname": "gum",
      "rev": "fbcf476f790d8a217c3eab4e12033dc4a0f6d23c",
      "rev_count": 844474,
      "rev_date": "2025-08-14T15:51:38Z",
      "scrape_date": "2025-08-16T01:43:50.635569Z",
      "stabilities": [
        "unstable"
      ],
      "unfree": false,
      "version": "0.16.2",
      "outputs_to_install": [
        "out"
      ],
      "outputs": {
        "out": "/nix/store/r6q70l6jqmgmmv8br9dpvh23c4lqkapq-gum-0.16.2"
      },
      "system": "x86_64-darwin",
      "group": "toplevel",
      "priority": 5
    },
    {
      "attr_path": "gum",
      "broken": false,
      "derivation": "/nix/store/1rl9xkxjazii9zr7ci73sjk20dp4v2yp-gum-0.16.2.drv",
      "description": "Tasty Bubble Gum for your shell",
      "install_id": "gum",
      "license": "MIT",
      "locked_url": "https://github.com/flox/nixpkgs?rev=fbcf476f790d8a217c3eab4e12033dc4a0f6d23c",
      "name": "gum-0.16.2",
      "pname": "gum",
      "rev": "fbcf476f790d8a217c3eab4e12033dc4a0f6d23c",
      "rev_count": 844474,
      "rev_date": "2025-08-14T15:51:38Z",
      "scrape_date": "2025-08-16T02:12:02.964494Z",
      "stabilities": [
        "unstable"
      ],
      "unfree": false,
      "version": "0.16.2",
      "outputs_to_install": [
        "out"
      ],
      "outputs": {
        "out": "/nix/store/ghqbmfsmdhccms652yx3n0mkj86jlz8r-gum-0.16.2"
      },
      "system": "x86_64-linux",
      "group": "toplevel",
      "priority": 5
    },
    {
      "attr_path": "nodejs",
      "broken": false,
      "derivation": "/nix/store/mcpi6hknkb9dz7ipp7nzh1ln1a8ak702-nodejs-22.17.0.drv",
      "description": "Event-driven I/O framework for the V8 JavaScript engine",
      "install_id": "nodejs",
      "license": "MIT",
      "locked_url": "https://github.com/flox/nixpkgs?rev=fbcf476f790d8a217c3eab4e12033dc4a0f6d23c",
      "name": "nodejs-22.17.0",
      "pname": "nodejs",
      "rev": "fbcf476f790d8a217c3eab4e12033dc4a0f6d23c",
      "rev_count": 844474,
      "rev_date": "2025-08-14T15:51:38Z",
      "scrape_date": "2025-08-16T01:27:13.828687Z",
      "stabilities": [
        "unstable"
      ],
      "unfree": false,
      "version": "22.17.0",
      "outputs_to_install": [
        "out"
      ],
      "outputs": {
        "dev": "/nix/store/f8p8cf7impbgzqim9nbqik6z9xj5lyc3-nodejs-22.17.0-dev",
        "libv8": "/nix/store/6fy7a1dk6z2xz57v3axlzw7lrscikk2f-nodejs-22.17.0-libv8",
        "out": "/nix/store/s7dd5qi3fzjj8q5mmygi8pasp91n727c-nodejs-22.17.0"
      },
      "system": "aarch64-darwin",
      "group": "toplevel",
      "priority": 5
    },
    {
      "attr_path": "nodejs",
      "broken": false,
      "derivation": "/nix/store/hp61l0ws5s5xipwaa0y98dwi394rsas6-nodejs-22.17.0.drv",
      "description": "Event-driven I/O framework for the V8 JavaScript engine",
      "install_id": "nodejs",
      "license": "MIT",
      "locked_url": "https://github.com/flox/nixpkgs?rev=fbcf476f790d8a217c3eab4e12033dc4a0f6d23c",
      "name": "nodejs-22.17.0",
      "pname": "nodejs",
      "rev": "fbcf476f790d8a217c3eab4e12033dc4a0f6d23c",
      "rev_count": 844474,
      "rev_date": "2025-08-14T15:51:38Z",
      "scrape_date": "2025-08-16T01:35:23.995432Z",
      "stabilities": [
        "unstable"
      ],
      "unfree": false,
      "version": "22.17.0",
      "outputs_to_install": [
        "out"
      ],
      "outputs": {
        "dev": "/nix/store/vgjb162lwvdqw6vf1jlam9iaxr4g4njm-nodejs-22.17.0-dev",
        "libv8": "/nix/store/5wb5rg5d9mqahhkbaxa4igrdgq7bbqra-nodejs-22.17.0-libv8",
        "out": "/nix/store/368l5fmrl9yc2h8ngbw3b6hhp7fc8chh-nodejs-22.17.0"
      },
      "system": "aarch64-linux",
      "group": "toplevel",
      "priority": 5
    },
    {
      "attr_path": "nodejs",
      "broken": false,
      "derivation": "/nix/store/dv9i7vz3bqp38vd4alipvw57nbnh159f-nodejs-22.17.0.drv",
      "description": "Event-driven I/O framework for the V8 JavaScript engine",
      "install_id": "nodejs",
      "license": "MIT",
      "locked_url": "https://github.com/flox/nixpkgs?rev=fbcf476f790d8a217c3eab4e12033dc4a0f6d23c",
      "name": "nodejs-22.17.0",
      "pname": "nodejs",
      "rev": "fbcf476f790d8a217c3eab4e12033dc4a0f6d23c",
      "rev_count": 844474,
      "rev_date": "2025-08-14T15:51:38Z",
      "scrape_date": "2025-08-16T01:43:53.771203Z",
      "stabilities": [
        "unstable"
      ],
      "unfree": false,
      "version": "22.17.0",
      "outputs_to_install": [
        "out"
      ],
      "outputs": {
        "dev": "/nix/store/a09q6g0l907dvib30wxp2zhd1yx8p4w9-nodejs-22.17.0-dev",
        "libv8": "/nix/store/1psqihyqxkm0pa5n6b1jyy7fn7s5d3w5-nodejs-22.17.0-libv8",
        "out": "/nix/store/rn17ypna061gf9l94m8dcq4n6jwi2qmx-nodejs-22.17.0"
      },
      "system": "x86_64-darwin",
      "group": "toplevel",
      "priority": 5
    },
    {
      "attr_path": "nodejs",
      "broken": false,
      "derivation": "/nix/store/1j5phnsrk0dylzigngdwc143a20y9ify-nodejs-22.17.0.drv",
      "description": "Event-driven I/O framework for the V8 JavaScript engine",
      "install_id": "nodejs",
      "license": "MIT",
      "locked_url": "https://github.com/flox/nixpkgs?rev=fbcf476f790d8a217c3eab4e12033dc4a0f6d23c",
      "name": "nodejs-22.17.0",
      "pname": "nodejs",
      "rev": "fbcf476f790d8a217c3eab4e12033dc4a0f6d23c",
      "rev_count": 844474,
      "rev_date": "2025-08-14T15:51:38Z",
      "scrape_date": "2025-08-16T02:12:16.490100Z",
      "stabilities": [
        "unstable"
      ],
      "unfree": false,
      "version": "22.17.0",
      "outputs_to_install": [
        "out"
      ],
      "outputs": {
        "dev": "/nix/store/56m9qb3lvy446hirs940cgmgjk54yssl-nodejs-22.17.0-dev",
        "libv8": "/nix/store/40hasi9aw7r9qcacppgf712qzi8aa3br-nodejs-22.17.0-libv8",
        "out": "/nix/store/whnr2rydma74q97zs56ic601ixs88njg-nodejs-22.17.0"
      },
      "system": "x86_64-linux",
      "group": "toplevel",
      "priority": 5
    },
    {
      "attr_path": "typescript-language-server",
      "broken": false,
      "derivation": "/nix/store/5ybk7yqi5jrq0vbsnsxjmzy0fgii9vrj-typescript-language-server-4.4.0.drv",
      "description": "Language Server Protocol implementation for TypeScript using tsserver",
      "install_id": "typescript-language-server",
      "license": "[ Apache-2.0, MIT ]",
      "locked_url": "https://github.com/flox/nixpkgs?rev=fbcf476f790d8a217c3eab4e12033dc4a0f6d23c",
      "name": "typescript-language-server-4.4.0",
      "pname": "typescript-language-server",
      "rev": "fbcf476f790d8a217c3eab4e12033dc4a0f6d23c",
      "rev_count": 844474,
      "rev_date": "2025-08-14T15:51:38Z",
      "scrape_date": "2025-08-16T01:28:23.356029Z",
      "stabilities": [
        "unstable"
      ],
      "unfree": false,
      "version": "4.4.0",
      "outputs_to_install": [
        "out"
      ],
      "outputs": {
        "out": "/nix/store/ks59n36jn4pvisl75p2vpgbq9mgdyrib-typescript-language-server-4.4.0"
      },
      "system": "aarch64-darwin",
      "group": "toplevel",
      "priority": 5
    },
    {
      "attr_path": "typescript-language-server",
      "broken": false,
      "derivation": "/nix/store/319l27g1s9sz59hbcgzw9p3j5aiiipm5-typescript-language-server-4.4.0.drv",
      "description": "Language Server Protocol implementation for TypeScript using tsserver",
      "install_id": "typescript-language-server",
      "license": "[ Apache-2.0, MIT ]",
      "locked_url": "https://github.com/flox/nixpkgs?rev=fbcf476f790d8a217c3eab4e12033dc4a0f6d23c",
      "name": "typescript-language-server-4.4.0",
      "pname": "typescript-language-server",
      "rev": "fbcf476f790d8a217c3eab4e12033dc4a0f6d23c",
      "rev_count": 844474,
      "rev_date": "2025-08-14T15:51:38Z",
      "scrape_date": "2025-08-16T01:37:05.832006Z",
      "stabilities": [
        "unstable"
      ],
      "unfree": false,
      "version": "4.4.0",
      "outputs_to_install": [
        "out"
      ],
      "outputs": {
        "out": "/nix/store/3kqqwl5s0a3zkpfb1cv60i1sjnl6ni1r-typescript-language-server-4.4.0"
      },
      "system": "aarch64-linux",
      "group": "toplevel",
      "priority": 5
    },
    {
      "attr_path": "typescript-language-server",
      "broken": false,
      "derivation": "/nix/store/cdn0fa1csaaghfmidvzxiz1pr3bmxydg-typescript-language-server-4.4.0.drv",
      "description": "Language Server Protocol implementation for TypeScript using tsserver",
      "install_id": "typescript-language-server",
      "license": "[ Apache-2.0, MIT ]",
      "locked_url": "https://github.com/flox/nixpkgs?rev=fbcf476f790d8a217c3eab4e12033dc4a0f6d23c",
      "name": "typescript-language-server-4.4.0",
      "pname": "typescript-language-server",
      "rev": "fbcf476f790d8a217c3eab4e12033dc4a0f6d23c",
      "rev_count": 844474,
      "rev_date": "2025-08-14T15:51:38Z",
      "scrape_date": "2025-08-16T01:45:02.823470Z",
      "stabilities": [
        "unstable"
      ],
      "unfree": false,
      "version": "4.4.0",
      "outputs_to_install": [
        "out"
      ],
      "outputs": {
        "out": "/nix/store/9xy7acrq6j3q1i4n724s05ggsqkh6i0h-typescript-language-server-4.4.0"
      },
      "system": "x86_64-darwin",
      "group": "toplevel",
      "priority": 5
    },
    {
      "attr_path": "typescript-language-server",
      "broken": false,
      "derivation": "/nix/store/lijnjj9p8q1fzwjf4xvx7ly7yv8awxny-typescript-language-server-4.4.0.drv",
      "description": "Language Server Protocol implementation for TypeScript using tsserver",
      "install_id": "typescript-language-server",
      "license": "[ Apache-2.0, MIT ]",
      "locked_url": "https://github.com/flox/nixpkgs?rev=fbcf476f790d8a217c3eab4e12033dc4a0f6d23c",
      "name": "typescript-language-server-4.4.0",
      "pname": "typescript-language-server",
      "rev": "fbcf476f790d8a217c3eab4e12033dc4a0f6d23c",
      "rev_count": 844474,
      "rev_date": "2025-08-14T15:51:38Z",
      "scrape_date": "2025-08-16T02:14:05.262085Z",
      "stabilities": [
        "unstable"
      ],
      "unfree": false,
      "version": "4.4.0",
      "outputs_to_install": [
        "out"
      ],
      "outputs": {
        "out": "/nix/store/5shrzw7q3i8k40nj1qa37zllrg9ffb4m-typescript-language-server-4.4.0"
      },
      "system": "x86_64-linux",
      "group": "toplevel",
      "priority": 5
    }
  ]
}